// !$*UTF8*$!
{
	archiveVersion = 1;
	classes = {
	};
	objectVersion = 46;
	objects = {

/* Begin PBXBuildFile section */
		816D545F1E91CA8500166829 /* main.cpp in Sources */ = {isa = PBXBuildFile; fileRef = 816D545E1E91CA8500166829 /* main.cpp */; };
		816D54611E91CA8500166829 /* Makefile in Sources */ = {isa = PBXBuildFile; fileRef = 816D54601E91CA8500166829 /* Makefile */; };
/* End PBXBuildFile section */

/* Begin PBXFileReference section */
		816D545B1E91CA8500166829 /* Index */ = {isa = PBXFileReference; explicitFileType = "compiled.mach-o.executable"; includeInIndex = 0; path = Index; sourceTree = BUILT_PRODUCTS_DIR; };
		816D545E1E91CA8500166829 /* main.cpp */ = {isa = PBXFileReference; lastKnownFileType = sourcecode.cpp.cpp; path = main.cpp; sourceTree = "<group>"; };
		816D54601E91CA8500166829 /* Makefile */ = {isa = PBXFileReference; lastKnownFileType = sourcecode.make; path = Makefile; sourceTree = "<group>"; };
		816D54621E91CA8500166829 /* Doxyfile */ = {isa = PBXFileReference; lastKnownFileType = text; path = Doxyfile; sourceTree = "<group>"; };
		816D54631E91CA8500166829 /* ReadMe.txt */ = {isa = PBXFileReference; lastKnownFileType = text; path = ReadMe.txt; sourceTree = "<group>"; };
		816D54651E91CA8500166829 /* Arduino Due (Native USB Port).xcconfig */ = {isa = PBXFileReference; lastKnownFileType = text.xcconfig; name = "Arduino Due (Native USB Port).xcconfig"; path = "Configurations/Arduino Due (Native USB Port).xcconfig"; sourceTree = "<group>"; };
		816D54661E91CA8500166829 /* Arduino Due (Programming Port).xcconfig */ = {isa = PBXFileReference; lastKnownFileType = text.xcconfig; name = "Arduino Due (Programming Port).xcconfig"; path = "Configurations/Arduino Due (Programming Port).xcconfig"; sourceTree = "<group>"; };
		816D54671E91CA8500166829 /* Arduino Due (J-Link).xcconfig */ = {isa = PBXFileReference; lastKnownFileType = text.xcconfig; name = "Arduino Due (J-Link).xcconfig"; path = "Configurations/Arduino Due (J-Link).xcconfig"; sourceTree = "<group>"; };
		816D54681E91CA8500166829 /* Arduino Due (Ozone).xcconfig */ = {isa = PBXFileReference; lastKnownFileType = text.xcconfig; name = "Arduino Due (Ozone).xcconfig"; path = "Configurations/Arduino Due (Ozone).xcconfig"; sourceTree = "<group>"; };
		816D54691E91CA8500166829 /* Arduino Due (Atmel ICE).xcconfig */ = {isa = PBXFileReference; lastKnownFileType = text.xcconfig; name = "Arduino Due (Atmel ICE).xcconfig"; path = "Configurations/Arduino Due (Atmel ICE).xcconfig"; sourceTree = "<group>"; };
		816D546A1E91CA8500166829 /* Arduino Duemilanove.xcconfig */ = {isa = PBXFileReference; lastKnownFileType = text.xcconfig; name = "Arduino Duemilanove.xcconfig"; path = "Configurations/Arduino Duemilanove.xcconfig"; sourceTree = "<group>"; };
		816D546B1E91CA8500166829 /* Arduino Leonardo.xcconfig */ = {isa = PBXFileReference; lastKnownFileType = text.xcconfig; name = "Arduino Leonardo.xcconfig"; path = "Configurations/Arduino Leonardo.xcconfig"; sourceTree = "<group>"; };
		816D546C1E91CA8500166829 /* Arduino Mega 2560.xcconfig */ = {isa = PBXFileReference; lastKnownFileType = text.xcconfig; name = "Arduino Mega 2560.xcconfig"; path = "Configurations/Arduino Mega 2560.xcconfig"; sourceTree = "<group>"; };
		816D546D1E91CA8500166829 /* Arduino Micro.xcconfig */ = {isa = PBXFileReference; lastKnownFileType = text.xcconfig; name = "Arduino Micro.xcconfig"; path = "Configurations/Arduino Micro.xcconfig"; sourceTree = "<group>"; };
		816D546E1E91CA8500166829 /* Arduino Pro ATmega328-3.3V.xcconfig */ = {isa = PBXFileReference; lastKnownFileType = text.xcconfig; name = "Arduino Pro ATmega328-3.3V.xcconfig"; path = "Configurations/Arduino Pro ATmega328-3.3V.xcconfig"; sourceTree = "<group>"; };
		816D546F1E91CA8500166829 /* Arduino Pro ATmega328-3.3V (MiniCore).xcconfig */ = {isa = PBXFileReference; lastKnownFileType = text.xcconfig; name = "Arduino Pro ATmega328-3.3V (MiniCore).xcconfig"; path = "Configurations/Arduino Pro ATmega328-3.3V (MiniCore).xcconfig"; sourceTree = "<group>"; };
		816D54701E91CA8500166829 /* Arduino Pro ATmega328-5V.xcconfig */ = {isa = PBXFileReference; lastKnownFileType = text.xcconfig; name = "Arduino Pro ATmega328-5V.xcconfig"; path = "Configurations/Arduino Pro ATmega328-5V.xcconfig"; sourceTree = "<group>"; };
		816D54711E91CA8500166829 /* Arduino Pro ATmega328-5V (MiniCore).xcconfig */ = {isa = PBXFileReference; lastKnownFileType = text.xcconfig; name = "Arduino Pro ATmega328-5V (MiniCore).xcconfig"; path = "Configurations/Arduino Pro ATmega328-5V (MiniCore).xcconfig"; sourceTree = "<group>"; };
		816D54721E91CA8500166829 /* Arduino Mini ATmega168.xcconfig */ = {isa = PBXFileReference; lastKnownFileType = text.xcconfig; name = "Arduino Mini ATmega168.xcconfig"; path = "Configurations/Arduino Mini ATmega168.xcconfig"; sourceTree = "<group>"; };
		816D54731E91CA8500166829 /* Arduino Mini ATmega328.xcconfig */ = {isa = PBXFileReference; lastKnownFileType = text.xcconfig; name = "Arduino Mini ATmega328.xcconfig"; path = "Configurations/Arduino Mini ATmega328.xcconfig"; sourceTree = "<group>"; };
		816D54741E91CA8500166829 /* Arduino Nano ATmega168.xcconfig */ = {isa = PBXFileReference; lastKnownFileType = text.xcconfig; name = "Arduino Nano ATmega168.xcconfig"; path = "Configurations/Arduino Nano ATmega168.xcconfig"; sourceTree = "<group>"; };
		816D54751E91CA8500166829 /* Arduino Nano ATmega328.xcconfig */ = {isa = PBXFileReference; lastKnownFileType = text.xcconfig; name = "Arduino Nano ATmega328.xcconfig"; path = "Configurations/Arduino Nano ATmega328.xcconfig"; sourceTree = "<group>"; };
		816D54761E91CA8500166829 /* Arduino Robot Control.xcconfig */ = {isa = PBXFileReference; lastKnownFileType = text.xcconfig; name = "Arduino Robot Control.xcconfig"; path = "Configurations/Arduino Robot Control.xcconfig"; sourceTree = "<group>"; };
		816D54771E91CA8500166829 /* Arduino Robot Motor.xcconfig */ = {isa = PBXFileReference; lastKnownFileType = text.xcconfig; name = "Arduino Robot Motor.xcconfig"; path = "Configurations/Arduino Robot Motor.xcconfig"; sourceTree = "<group>"; };
		816D54781E91CA8500166829 /* Arduino Uno.xcconfig */ = {isa = PBXFileReference; lastKnownFileType = text.xcconfig; name = "Arduino Uno.xcconfig"; path = "Configurations/Arduino Uno.xcconfig"; sourceTree = "<group>"; };
		816D54791E91CA8500166829 /* Arduino Uno (MiniCore).xcconfig */ = {isa = PBXFileReference; lastKnownFileType = text.xcconfig; name = "Arduino Uno (MiniCore).xcconfig"; path = "Configurations/Arduino Uno (MiniCore).xcconfig"; sourceTree = "<group>"; };
		816D547A1E91CA8500166829 /* Arduino Uno (USBtinyISP).xcconfig */ = {isa = PBXFileReference; lastKnownFileType = text.xcconfig; name = "Arduino Uno (USBtinyISP).xcconfig"; path = "Configurations/Arduino Uno (USBtinyISP).xcconfig"; sourceTree = "<group>"; };
		816D547B1E91CA8500166829 /* Arduino Yun (USB).xcconfig */ = {isa = PBXFileReference; lastKnownFileType = text.xcconfig; name = "Arduino Yun (USB).xcconfig"; path = "Configurations/Arduino Yun (USB).xcconfig"; sourceTree = "<group>"; };
		816D547C1E91CA8500166829 /* Arduino Yun (WiFi Ethernet).xcconfig */ = {isa = PBXFileReference; lastKnownFileType = text.xcconfig; name = "Arduino Yun (WiFi Ethernet).xcconfig"; path = "Configurations/Arduino Yun (WiFi Ethernet).xcconfig"; sourceTree = "<group>"; };
		816D547D1E91CA8500166829 /* Arduino Zero (Native USB Port).xcconfig */ = {isa = PBXFileReference; lastKnownFileType = text.xcconfig; name = "Arduino Zero (Native USB Port).xcconfig"; path = "Configurations/Arduino Zero (Native USB Port).xcconfig"; sourceTree = "<group>"; };
		816D547E1E91CA8500166829 /* Arduino Zero (Programming Port).xcconfig */ = {isa = PBXFileReference; lastKnownFileType = text.xcconfig; name = "Arduino Zero (Programming Port).xcconfig"; path = "Configurations/Arduino Zero (Programming Port).xcconfig"; sourceTree = "<group>"; };
		816D547F1E91CA8500166829 /* Arduino M0 Pro (Native USB Port).xcconfig */ = {isa = PBXFileReference; lastKnownFileType = text.xcconfig; name = "Arduino M0 Pro (Native USB Port).xcconfig"; path = "Configurations/Arduino M0 Pro (Native USB Port).xcconfig"; sourceTree = "<group>"; };
		816D54801E91CA8500166829 /* Arduino M0 Pro (Programming Port).xcconfig */ = {isa = PBXFileReference; lastKnownFileType = text.xcconfig; name = "Arduino M0 Pro (Programming Port).xcconfig"; path = "Configurations/Arduino M0 Pro (Programming Port).xcconfig"; sourceTree = "<group>"; };
		816D54811E91CA8500166829 /* Arduino Tian (USB).xcconfig */ = {isa = PBXFileReference; lastKnownFileType = text.xcconfig; name = "Arduino Tian (USB).xcconfig"; path = "Configurations/Arduino Tian (USB).xcconfig"; sourceTree = "<group>"; };
		816D54821E91CA8500166829 /* Arduino Tian (WiFi Ethernet).xcconfig */ = {isa = PBXFileReference; lastKnownFileType = text.xcconfig; name = "Arduino Tian (WiFi Ethernet).xcconfig"; path = "Configurations/Arduino Tian (WiFi Ethernet).xcconfig"; sourceTree = "<group>"; };
		816D54831E91CA8500166829 /* Intel Curie 101.xcconfig */ = {isa = PBXFileReference; lastKnownFileType = text.xcconfig; name = "Intel Curie 101.xcconfig"; path = "Configurations/Intel Curie 101.xcconfig"; sourceTree = "<group>"; };
		816D54841E91CA8500166829 /* Intel Edison (USB).xcconfig */ = {isa = PBXFileReference; lastKnownFileType = text.xcconfig; name = "Intel Edison (USB).xcconfig"; path = "Configurations/Intel Edison (USB).xcconfig"; sourceTree = "<group>"; };
		816D54851E91CA8500166829 /* Intel Edison (WiFi).xcconfig */ = {isa = PBXFileReference; lastKnownFileType = text.xcconfig; name = "Intel Edison (WiFi).xcconfig"; path = "Configurations/Intel Edison (WiFi).xcconfig"; sourceTree = "<group>"; };
		816D54861E91CA8500166829 /* Intel Galileo.xcconfig */ = {isa = PBXFileReference; lastKnownFileType = text.xcconfig; name = "Intel Galileo.xcconfig"; path = "Configurations/Intel Galileo.xcconfig"; sourceTree = "<group>"; };
		816D54871E91CA8500166829 /* Intel Galileo Gen2.xcconfig */ = {isa = PBXFileReference; lastKnownFileType = text.xcconfig; name = "Intel Galileo Gen2.xcconfig"; path = "Configurations/Intel Galileo Gen2.xcconfig"; sourceTree = "<group>"; };
		816D54881E91CA8500166829 /* Logger_Arduino_AM2315.ino */ = {isa = PBXFileReference; lastKnownFileType = text; path = Logger_Arduino_AM2315.ino; sourceTree = "<group>"; };
/* End PBXFileReference section */

/* Begin PBXGroup section */
		816D54461E91CA8500166829 = {
			isa = PBXGroup;
			children = (
				816D545D1E91CA8500166829 /* Logger-Arduino-AM2315 */,
				816D545C1E91CA8500166829 /* Products */,
			);
			sourceTree = "<group>";
		};
		816D545C1E91CA8500166829 /* Products */ = {
			isa = PBXGroup;
			children = (
				816D545B1E91CA8500166829 /* Index */,
			);
			name = Products;
			sourceTree = "<group>";
		};
		816D545D1E91CA8500166829 /* Logger-Arduino-AM2315 */ = {
			isa = PBXGroup;
			children = (
				816D545E1E91CA8500166829 /* main.cpp */,
				816D54601E91CA8500166829 /* Makefile */,
				816D54621E91CA8500166829 /* Doxyfile */,
				816D54631E91CA8500166829 /* ReadMe.txt */,
				816D54881E91CA8500166829 /* Logger_Arduino_AM2315.ino */,
				816D54641E91CA8500166829 /* Configurations */,
			);
			path = "Logger-Arduino-AM2315";
			sourceTree = "<group>";
		};
		816D54641E91CA8500166829 /* Configurations */ = {
			isa = PBXGroup;
			children = (
				816D54651E91CA8500166829 /* Arduino Due (Native USB Port).xcconfig */,
				816D54661E91CA8500166829 /* Arduino Due (Programming Port).xcconfig */,
				816D54671E91CA8500166829 /* Arduino Due (J-Link).xcconfig */,
				816D54681E91CA8500166829 /* Arduino Due (Ozone).xcconfig */,
				816D54691E91CA8500166829 /* Arduino Due (Atmel ICE).xcconfig */,
				816D546A1E91CA8500166829 /* Arduino Duemilanove.xcconfig */,
				816D546B1E91CA8500166829 /* Arduino Leonardo.xcconfig */,
				816D546C1E91CA8500166829 /* Arduino Mega 2560.xcconfig */,
				816D546D1E91CA8500166829 /* Arduino Micro.xcconfig */,
				816D546E1E91CA8500166829 /* Arduino Pro ATmega328-3.3V.xcconfig */,
				816D546F1E91CA8500166829 /* Arduino Pro ATmega328-3.3V (MiniCore).xcconfig */,
				816D54701E91CA8500166829 /* Arduino Pro ATmega328-5V.xcconfig */,
				816D54711E91CA8500166829 /* Arduino Pro ATmega328-5V (MiniCore).xcconfig */,
				816D54721E91CA8500166829 /* Arduino Mini ATmega168.xcconfig */,
				816D54731E91CA8500166829 /* Arduino Mini ATmega328.xcconfig */,
				816D54741E91CA8500166829 /* Arduino Nano ATmega168.xcconfig */,
				816D54751E91CA8500166829 /* Arduino Nano ATmega328.xcconfig */,
				816D54761E91CA8500166829 /* Arduino Robot Control.xcconfig */,
				816D54771E91CA8500166829 /* Arduino Robot Motor.xcconfig */,
				816D54781E91CA8500166829 /* Arduino Uno.xcconfig */,
				816D54791E91CA8500166829 /* Arduino Uno (MiniCore).xcconfig */,
				816D547A1E91CA8500166829 /* Arduino Uno (USBtinyISP).xcconfig */,
				816D547B1E91CA8500166829 /* Arduino Yun (USB).xcconfig */,
				816D547C1E91CA8500166829 /* Arduino Yun (WiFi Ethernet).xcconfig */,
				816D547D1E91CA8500166829 /* Arduino Zero (Native USB Port).xcconfig */,
				816D547E1E91CA8500166829 /* Arduino Zero (Programming Port).xcconfig */,
				816D547F1E91CA8500166829 /* Arduino M0 Pro (Native USB Port).xcconfig */,
				816D54801E91CA8500166829 /* Arduino M0 Pro (Programming Port).xcconfig */,
				816D54811E91CA8500166829 /* Arduino Tian (USB).xcconfig */,
				816D54821E91CA8500166829 /* Arduino Tian (WiFi Ethernet).xcconfig */,
				816D54831E91CA8500166829 /* Intel Curie 101.xcconfig */,
				816D54841E91CA8500166829 /* Intel Edison (USB).xcconfig */,
				816D54851E91CA8500166829 /* Intel Edison (WiFi).xcconfig */,
				816D54861E91CA8500166829 /* Intel Galileo.xcconfig */,
				816D54871E91CA8500166829 /* Intel Galileo Gen2.xcconfig */,
			);
			name = Configurations;
			sourceTree = "<group>";
		};
/* End PBXGroup section */

/* Begin PBXLegacyTarget section */
		816D544B1E91CA8500166829 /* Build */ = {
			isa = PBXLegacyTarget;
			buildArgumentsString = "build -C \"$(PROJECT)\"";
			buildConfigurationList = 816D548B1E91CA8500166829 /* Build configuration list for PBXLegacyTarget "Build" */;
			buildPhases = (
			);
			buildToolPath = make;
			dependencies = (
			);
			name = Build;
			passBuildSettingsInEnvironment = 1;
			productName = Build;
		};
		816D544C1E91CA8500166829 /* All */ = {
			isa = PBXLegacyTarget;
			buildArgumentsString = "all -C \"$(PROJECT)\"";
			buildConfigurationList = 816D548E1E91CA8500166829 /* Build configuration list for PBXLegacyTarget "All" */;
			buildPhases = (
			);
			buildToolPath = make;
			dependencies = (
			);
			name = All;
			passBuildSettingsInEnvironment = 1;
			productName = All;
		};
		816D544D1E91CA8500166829 /* Style */ = {
			isa = PBXLegacyTarget;
			buildArgumentsString = "style -C \"$(PROJECT)\"";
			buildConfigurationList = 816D54911E91CA8500166829 /* Build configuration list for PBXLegacyTarget "Style" */;
			buildPhases = (
			);
			buildToolPath = make;
			dependencies = (
			);
			name = Style;
			passBuildSettingsInEnvironment = 1;
			productName = Style;
		};
		816D544E1E91CA8500166829 /* Document */ = {
			isa = PBXLegacyTarget;
			buildArgumentsString = "document -C \"$(PROJECT)\"";
			buildConfigurationList = 816D54941E91CA8500166829 /* Build configuration list for PBXLegacyTarget "Document" */;
			buildPhases = (
			);
			buildToolPath = make;
			dependencies = (
			);
			name = Document;
			passBuildSettingsInEnvironment = 1;
			productName = Document;
		};
		816D544F1E91CA8500166829 /* Distribute */ = {
			isa = PBXLegacyTarget;
			buildArgumentsString = "distribute -C \"$(PROJECT)\"";
			buildConfigurationList = 816D54971E91CA8500166829 /* Build configuration list for PBXLegacyTarget "Distribute" */;
			buildPhases = (
			);
			buildToolPath = make;
			dependencies = (
			);
			name = Distribute;
			passBuildSettingsInEnvironment = 1;
			productName = Distribute;
		};
		816D54501E91CA8500166829 /* Archive */ = {
			isa = PBXLegacyTarget;
			buildArgumentsString = "archive -C \"$(PROJECT)\"";
			buildConfigurationList = 816D549A1E91CA8500166829 /* Build configuration list for PBXLegacyTarget "Archive" */;
			buildPhases = (
			);
			buildToolPath = make;
			dependencies = (
			);
			name = Archive;
			passBuildSettingsInEnvironment = 1;
			productName = Archive;
		};
		816D54511E91CA8500166829 /* Unarchive */ = {
			isa = PBXLegacyTarget;
			buildArgumentsString = "unarchive -C \"$(PROJECT)\"";
			buildConfigurationList = 816D549D1E91CA8500166829 /* Build configuration list for PBXLegacyTarget "Unarchive" */;
			buildPhases = (
			);
			buildToolPath = make;
			dependencies = (
			);
			name = Unarchive;
			passBuildSettingsInEnvironment = 1;
			productName = Unarchive;
		};
		816D54521E91CA8500166829 /* Boards */ = {
			isa = PBXLegacyTarget;
			buildArgumentsString = "boards -C \"$(PROJECT)\"";
			buildConfigurationList = 816D54A01E91CA8500166829 /* Build configuration list for PBXLegacyTarget "Boards" */;
			buildPhases = (
			);
			buildToolPath = make;
			dependencies = (
			);
			name = Boards;
			passBuildSettingsInEnvironment = 1;
			productName = Boards;
		};
		816D54531E91CA8500166829 /* Serial */ = {
			isa = PBXLegacyTarget;
			buildArgumentsString = "serial -C \"$(PROJECT)\"";
			buildConfigurationList = 816D54A31E91CA8500166829 /* Build configuration list for PBXLegacyTarget "Serial" */;
			buildPhases = (
			);
			buildToolPath = make;
			dependencies = (
			);
			name = Serial;
			passBuildSettingsInEnvironment = 1;
			productName = Serial;
		};
		816D54541E91CA8500166829 /* Upload */ = {
			isa = PBXLegacyTarget;
			buildArgumentsString = "upload -C \"$(PROJECT)\"";
			buildConfigurationList = 816D54A61E91CA8500166829 /* Build configuration list for PBXLegacyTarget "Upload" */;
			buildPhases = (
			);
			buildToolPath = make;
			dependencies = (
			);
			name = Upload;
			passBuildSettingsInEnvironment = 1;
			productName = Upload;
		};
		816D54551E91CA8500166829 /* Clean */ = {
			isa = PBXLegacyTarget;
			buildArgumentsString = "clean -C \"$(PROJECT)\"";
			buildConfigurationList = 816D54A91E91CA8500166829 /* Build configuration list for PBXLegacyTarget "Clean" */;
			buildPhases = (
			);
			buildToolPath = make;
			dependencies = (
			);
			name = Clean;
			passBuildSettingsInEnvironment = 1;
			productName = Clean;
		};
		816D54561E91CA8500166829 /* Make */ = {
			isa = PBXLegacyTarget;
			buildArgumentsString = "make -C \"$(PROJECT)\"";
			buildConfigurationList = 816D54AC1E91CA8500166829 /* Build configuration list for PBXLegacyTarget "Make" */;
			buildPhases = (
			);
			buildToolPath = make;
			dependencies = (
			);
			name = Make;
			passBuildSettingsInEnvironment = 1;
			productName = Make;
		};
		816D54571E91CA8500166829 /* Fast */ = {
			isa = PBXLegacyTarget;
			buildArgumentsString = "fast -C \"$(PROJECT)\"";
			buildConfigurationList = 816D54AF1E91CA8500166829 /* Build configuration list for PBXLegacyTarget "Fast" */;
			buildPhases = (
			);
			buildToolPath = make;
			dependencies = (
			);
			name = Fast;
			passBuildSettingsInEnvironment = 1;
			productName = Fast;
		};
		816D54581E91CA8500166829 /* Debug */ = {
			isa = PBXLegacyTarget;
			buildArgumentsString = "debug -C \"$(PROJECT)\"";
			buildConfigurationList = 816D54B21E91CA8500166829 /* Build configuration list for PBXLegacyTarget "Debug" */;
			buildPhases = (
			);
			buildToolPath = make;
			dependencies = (
			);
			name = Debug;
			passBuildSettingsInEnvironment = 1;
			productName = Debug;
		};
/* End PBXLegacyTarget section */

/* Begin PBXNativeTarget section */
		816D545A1E91CA8500166829 /* Index */ = {
			isa = PBXNativeTarget;
			buildConfigurationList = 816D54B51E91CA8500166829 /* Build configuration list for PBXNativeTarget "Index" */;
			buildPhases = (
				816D54591E91CA8500166829 /* Sources */,
			);
			buildRules = (
			);
			dependencies = (
			);
			name = Index;
			productName = Index;
			productReference = 816D545B1E91CA8500166829 /* Index */;
			productType = "com.apple.product-type.tool";
		};
/* End PBXNativeTarget section */

/* Begin PBXProject section */
		816D54471E91CA8500166829 /* Project object */ = {
			isa = PBXProject;
			attributes = {
				LastUpgradeCheck = 0830;
				ORGANIZATIONNAME = "Charles McClelland";
				TargetAttributes = {
					816D544B1E91CA8500166829 = {
						CreatedOnToolsVersion = 8.3;
						ProvisioningStyle = Automatic;
					};
					816D544C1E91CA8500166829 = {
						CreatedOnToolsVersion = 8.3;
						ProvisioningStyle = Automatic;
					};
					816D544D1E91CA8500166829 = {
						CreatedOnToolsVersion = 8.3;
						ProvisioningStyle = Automatic;
					};
					816D544E1E91CA8500166829 = {
						CreatedOnToolsVersion = 8.3;
						ProvisioningStyle = Automatic;
					};
					816D544F1E91CA8500166829 = {
						CreatedOnToolsVersion = 8.3;
						ProvisioningStyle = Automatic;
					};
					816D54501E91CA8500166829 = {
						CreatedOnToolsVersion = 8.3;
						ProvisioningStyle = Automatic;
					};
					816D54511E91CA8500166829 = {
						CreatedOnToolsVersion = 8.3;
						ProvisioningStyle = Automatic;
					};
					816D54521E91CA8500166829 = {
						CreatedOnToolsVersion = 8.3;
						ProvisioningStyle = Automatic;
					};
					816D54531E91CA8500166829 = {
						CreatedOnToolsVersion = 8.3;
						ProvisioningStyle = Automatic;
					};
					816D54541E91CA8500166829 = {
						CreatedOnToolsVersion = 8.3;
						ProvisioningStyle = Automatic;
					};
					816D54551E91CA8500166829 = {
						CreatedOnToolsVersion = 8.3;
						ProvisioningStyle = Automatic;
					};
					816D54561E91CA8500166829 = {
						CreatedOnToolsVersion = 8.3;
						ProvisioningStyle = Automatic;
					};
					816D54571E91CA8500166829 = {
						CreatedOnToolsVersion = 8.3;
						ProvisioningStyle = Automatic;
					};
					816D54581E91CA8500166829 = {
						CreatedOnToolsVersion = 8.3;
						ProvisioningStyle = Automatic;
					};
					816D545A1E91CA8500166829 = {
						CreatedOnToolsVersion = 8.3;
						ProvisioningStyle = Automatic;
					};
				};
			};
			buildConfigurationList = 816D544A1E91CA8500166829 /* Build configuration list for PBXProject "Logger-Arduino-AM2315" */;
			compatibilityVersion = "Xcode 3.2";
			developmentRegion = English;
			hasScannedForEncodings = 0;
			knownRegions = (
				en,
			);
			mainGroup = 816D54461E91CA8500166829;
			productRefGroup = 816D545C1E91CA8500166829 /* Products */;
			projectDirPath = "";
			projectRoot = "";
			targets = (
				816D544B1E91CA8500166829 /* Build */,
				816D544C1E91CA8500166829 /* All */,
				816D544D1E91CA8500166829 /* Style */,
				816D544E1E91CA8500166829 /* Document */,
				816D544F1E91CA8500166829 /* Distribute */,
				816D54501E91CA8500166829 /* Archive */,
				816D54511E91CA8500166829 /* Unarchive */,
				816D54521E91CA8500166829 /* Boards */,
				816D54531E91CA8500166829 /* Serial */,
				816D54541E91CA8500166829 /* Upload */,
				816D54551E91CA8500166829 /* Clean */,
				816D54561E91CA8500166829 /* Make */,
				816D54571E91CA8500166829 /* Fast */,
				816D54581E91CA8500166829 /* Debug */,
				816D545A1E91CA8500166829 /* Index */,
			);
		};
/* End PBXProject section */

/* Begin PBXSourcesBuildPhase section */
		816D54591E91CA8500166829 /* Sources */ = {
			isa = PBXSourcesBuildPhase;
			buildActionMask = 2147483647;
			files = (
				816D54611E91CA8500166829 /* Makefile in Sources */,
				816D545F1E91CA8500166829 /* main.cpp in Sources */,
			);
			runOnlyForDeploymentPostprocessing = 0;
		};
/* End PBXSourcesBuildPhase section */

/* Begin XCBuildConfiguration section */
		816D54891E91CA8500166829 /* Debug */ = {
			isa = XCBuildConfiguration;
			baseConfigurationReference = 816D546E1E91CA8500166829 /* Arduino Pro ATmega328-3.3V.xcconfig */;
			buildSettings = {
				ALWAYS_SEARCH_USER_PATHS = NO;
				CLANG_ANALYZER_NONNULL = YES;
				CLANG_ANALYZER_NUMBER_OBJECT_CONVERSION = YES_AGGRESSIVE;
				CLANG_CXX_LANGUAGE_STANDARD = "gnu++0x";
				CLANG_CXX_LIBRARY = "libc++";
				CLANG_ENABLE_MODULES = YES;
				CLANG_ENABLE_OBJC_ARC = YES;
				CLANG_WARN_BOOL_CONVERSION = YES;
				CLANG_WARN_CONSTANT_CONVERSION = YES;
				CLANG_WARN_DIRECT_OBJC_ISA_USAGE = YES_ERROR;
				CLANG_WARN_DOCUMENTATION_COMMENTS = YES;
				CLANG_WARN_EMPTY_BODY = YES;
				CLANG_WARN_ENUM_CONVERSION = YES;
				CLANG_WARN_INFINITE_RECURSION = YES;
				CLANG_WARN_INT_CONVERSION = YES;
				CLANG_WARN_OBJC_ROOT_CLASS = YES_ERROR;
				CLANG_WARN_SUSPICIOUS_MOVE = YES;
				CLANG_WARN_UNREACHABLE_CODE = YES;
				CLANG_WARN__DUPLICATE_METHOD_MATCH = YES;
				COPY_PHASE_STRIP = NO;
				DEBUG_INFORMATION_FORMAT = dwarf;
				ENABLE_STRICT_OBJC_MSGSEND = YES;
				ENABLE_TESTABILITY = YES;
				GCC_C_LANGUAGE_STANDARD = gnu99;
				GCC_DYNAMIC_NO_PIC = NO;
				GCC_NO_COMMON_BLOCKS = YES;
				GCC_OPTIMIZATION_LEVEL = 0;
				GCC_PREPROCESSOR_DEFINITIONS = (
					"DEBUG=1",
					"$(inherited)",
				);
				GCC_WARN_64_TO_32_BIT_CONVERSION = YES;
				GCC_WARN_ABOUT_RETURN_TYPE = YES_ERROR;
				GCC_WARN_UNDECLARED_SELECTOR = YES;
				GCC_WARN_UNINITIALIZED_AUTOS = YES_AGGRESSIVE;
				GCC_WARN_UNUSED_FUNCTION = YES;
				GCC_WARN_UNUSED_VARIABLE = YES;
				HEADER_SEARCH_PATHS = "$(inherited)";
				MTL_ENABLE_DEBUG_INFO = YES;
				ONLY_ACTIVE_ARCH = YES;
				PATH = "$(PATH):$(PROJECT_DIR)";
				PRODUCT_NAME = "$(TARGET_NAME)";
				SKETCHBOOK_DIR = "";
			};
			name = Debug;
		};
		816D548A1E91CA8500166829 /* Release */ = {
			isa = XCBuildConfiguration;
			buildSettings = {
				ALWAYS_SEARCH_USER_PATHS = NO;
				CLANG_ANALYZER_NONNULL = YES;
				CLANG_ANALYZER_NUMBER_OBJECT_CONVERSION = YES_AGGRESSIVE;
				CLANG_CXX_LANGUAGE_STANDARD = "gnu++0x";
				CLANG_CXX_LIBRARY = "libc++";
				CLANG_ENABLE_MODULES = YES;
				CLANG_ENABLE_OBJC_ARC = YES;
				CLANG_WARN_BOOL_CONVERSION = YES;
				CLANG_WARN_CONSTANT_CONVERSION = YES;
				CLANG_WARN_DIRECT_OBJC_ISA_USAGE = YES_ERROR;
				CLANG_WARN_DOCUMENTATION_COMMENTS = YES;
				CLANG_WARN_EMPTY_BODY = YES;
				CLANG_WARN_ENUM_CONVERSION = YES;
				CLANG_WARN_INFINITE_RECURSION = YES;
				CLANG_WARN_INT_CONVERSION = YES;
				CLANG_WARN_OBJC_ROOT_CLASS = YES_ERROR;
				CLANG_WARN_SUSPICIOUS_MOVE = YES;
				CLANG_WARN_UNREACHABLE_CODE = YES;
				CLANG_WARN__DUPLICATE_METHOD_MATCH = YES;
				COPY_PHASE_STRIP = NO;
				DEBUG_INFORMATION_FORMAT = "dwarf-with-dsym";
				ENABLE_NS_ASSERTIONS = NO;
				ENABLE_STRICT_OBJC_MSGSEND = YES;
				GCC_C_LANGUAGE_STANDARD = gnu99;
				GCC_NO_COMMON_BLOCKS = YES;
				GCC_WARN_64_TO_32_BIT_CONVERSION = YES;
				GCC_WARN_ABOUT_RETURN_TYPE = YES_ERROR;
				GCC_WARN_UNDECLARED_SELECTOR = YES;
				GCC_WARN_UNINITIALIZED_AUTOS = YES_AGGRESSIVE;
				GCC_WARN_UNUSED_FUNCTION = YES;
				GCC_WARN_UNUSED_VARIABLE = YES;
				HEADER_SEARCH_PATHS = "$(inherited)";
				MTL_ENABLE_DEBUG_INFO = NO;
				PATH = "$(PATH):$(PROJECT_DIR)";
				PRODUCT_NAME = "$(TARGET_NAME)";
				SKETCHBOOK_DIR = "";
			};
			name = Release;
		};
		816D548C1E91CA8500166829 /* Debug */ = {
			isa = XCBuildConfiguration;
			buildSettings = {
				PRODUCT_NAME = "$(TARGET_NAME)";
			};
			name = Debug;
		};
		816D548D1E91CA8500166829 /* Release */ = {
			isa = XCBuildConfiguration;
			buildSettings = {
				PRODUCT_NAME = "$(TARGET_NAME)";
			};
			name = Release;
		};
		816D548F1E91CA8500166829 /* Debug */ = {
			isa = XCBuildConfiguration;
			buildSettings = {
			};
			name = Debug;
		};
		816D54901E91CA8500166829 /* Release */ = {
			isa = XCBuildConfiguration;
			buildSettings = {
			};
			name = Release;
		};
		816D54921E91CA8500166829 /* Debug */ = {
			isa = XCBuildConfiguration;
			buildSettings = {
			};
			name = Debug;
		};
		816D54931E91CA8500166829 /* Release */ = {
			isa = XCBuildConfiguration;
			buildSettings = {
			};
			name = Release;
		};
		816D54951E91CA8500166829 /* Debug */ = {
			isa = XCBuildConfiguration;
			buildSettings = {
			};
			name = Debug;
		};
		816D54961E91CA8500166829 /* Release */ = {
			isa = XCBuildConfiguration;
			buildSettings = {
			};
			name = Release;
		};
		816D54981E91CA8500166829 /* Debug */ = {
			isa = XCBuildConfiguration;
			buildSettings = {
			};
			name = Debug;
		};
		816D54991E91CA8500166829 /* Release */ = {
			isa = XCBuildConfiguration;
			buildSettings = {
			};
			name = Release;
		};
		816D549B1E91CA8500166829 /* Debug */ = {
			isa = XCBuildConfiguration;
			buildSettings = {
			};
			name = Debug;
		};
		816D549C1E91CA8500166829 /* Release */ = {
			isa = XCBuildConfiguration;
			buildSettings = {
			};
			name = Release;
		};
		816D549E1E91CA8500166829 /* Debug */ = {
			isa = XCBuildConfiguration;
			buildSettings = {
			};
			name = Debug;
		};
		816D549F1E91CA8500166829 /* Release */ = {
			isa = XCBuildConfiguration;
			buildSettings = {
			};
			name = Release;
		};
		816D54A11E91CA8500166829 /* Debug */ = {
			isa = XCBuildConfiguration;
			buildSettings = {
			};
			name = Debug;
		};
		816D54A21E91CA8500166829 /* Release */ = {
			isa = XCBuildConfiguration;
			buildSettings = {
			};
			name = Release;
		};
		816D54A41E91CA8500166829 /* Debug */ = {
			isa = XCBuildConfiguration;
			buildSettings = {
			};
			name = Debug;
		};
		816D54A51E91CA8500166829 /* Release */ = {
			isa = XCBuildConfiguration;
			buildSettings = {
			};
			name = Release;
		};
		816D54A71E91CA8500166829 /* Debug */ = {
			isa = XCBuildConfiguration;
			buildSettings = {
			};
			name = Debug;
		};
		816D54A81E91CA8500166829 /* Release */ = {
			isa = XCBuildConfiguration;
			buildSettings = {
			};
			name = Release;
		};
		816D54AA1E91CA8500166829 /* Debug */ = {
			isa = XCBuildConfiguration;
			buildSettings = {
			};
			name = Debug;
		};
		816D54AB1E91CA8500166829 /* Release */ = {
			isa = XCBuildConfiguration;
			buildSettings = {
			};
			name = Release;
		};
		816D54AD1E91CA8500166829 /* Debug */ = {
			isa = XCBuildConfiguration;
			buildSettings = {
			};
			name = Debug;
		};
		816D54AE1E91CA8500166829 /* Release */ = {
			isa = XCBuildConfiguration;
			buildSettings = {
			};
			name = Release;
		};
		816D54B01E91CA8500166829 /* Debug */ = {
			isa = XCBuildConfiguration;
			buildSettings = {
			};
			name = Debug;
		};
		816D54B11E91CA8500166829 /* Release */ = {
			isa = XCBuildConfiguration;
			buildSettings = {
			};
			name = Release;
		};
		816D54B31E91CA8500166829 /* Debug */ = {
			isa = XCBuildConfiguration;
			buildSettings = {
			};
			name = Debug;
		};
		816D54B41E91CA8500166829 /* Release */ = {
			isa = XCBuildConfiguration;
			buildSettings = {
			};
			name = Release;
		};
		816D54B61E91CA8500166829 /* Debug */ = {
			isa = XCBuildConfiguration;
			buildSettings = {
			};
			name = Debug;
		};
		816D54B71E91CA8500166829 /* Release */ = {
			isa = XCBuildConfiguration;
			buildSettings = {
			};
			name = Release;
		};
/* End XCBuildConfiguration section */

/* Begin XCConfigurationList section */
		816D544A1E91CA8500166829 /* Build configuration list for PBXProject "Logger-Arduino-AM2315" */ = {
			isa = XCConfigurationList;
			buildConfigurations = (
				816D54891E91CA8500166829 /* Debug */,
				816D548A1E91CA8500166829 /* Release */,
			);
			defaultConfigurationIsVisible = 0;
			defaultConfigurationName = Release;
		};
		816D548B1E91CA8500166829 /* Build configuration list for PBXLegacyTarget "Build" */ = {
			isa = XCConfigurationList;
			buildConfigurations = (
				816D548C1E91CA8500166829 /* Debug */,
				816D548D1E91CA8500166829 /* Release */,
			);
			defaultConfigurationIsVisible = 0;
		};
		816D548E1E91CA8500166829 /* Build configuration list for PBXLegacyTarget "All" */ = {
			isa = XCConfigurationList;
			buildConfigurations = (
				816D548F1E91CA8500166829 /* Debug */,
				816D54901E91CA8500166829 /* Release */,
			);
			defaultConfigurationIsVisible = 0;
		};
		816D54911E91CA8500166829 /* Build configuration list for PBXLegacyTarget "Style" */ = {
			isa = XCConfigurationList;
			buildConfigurations = (
				816D54921E91CA8500166829 /* Debug */,
				816D54931E91CA8500166829 /* Release */,
			);
			defaultConfigurationIsVisible = 0;
		};
		816D54941E91CA8500166829 /* Build configuration list for PBXLegacyTarget "Document" */ = {
			isa = XCConfigurationList;
			buildConfigurations = (
				816D54951E91CA8500166829 /* Debug */,
				816D54961E91CA8500166829 /* Release */,
			);
			defaultConfigurationIsVisible = 0;
		};
		816D54971E91CA8500166829 /* Build configuration list for PBXLegacyTarget "Distribute" */ = {
			isa = XCConfigurationList;
			buildConfigurations = (
				816D54981E91CA8500166829 /* Debug */,
				816D54991E91CA8500166829 /* Release */,
			);
			defaultConfigurationIsVisible = 0;
		};
		816D549A1E91CA8500166829 /* Build configuration list for PBXLegacyTarget "Archive" */ = {
			isa = XCConfigurationList;
			buildConfigurations = (
				816D549B1E91CA8500166829 /* Debug */,
				816D549C1E91CA8500166829 /* Release */,
			);
			defaultConfigurationIsVisible = 0;
		};
		816D549D1E91CA8500166829 /* Build configuration list for PBXLegacyTarget "Unarchive" */ = {
			isa = XCConfigurationList;
			buildConfigurations = (
				816D549E1E91CA8500166829 /* Debug */,
				816D549F1E91CA8500166829 /* Release */,
			);
			defaultConfigurationIsVisible = 0;
		};
		816D54A01E91CA8500166829 /* Build configuration list for PBXLegacyTarget "Boards" */ = {
			isa = XCConfigurationList;
			buildConfigurations = (
				816D54A11E91CA8500166829 /* Debug */,
				816D54A21E91CA8500166829 /* Release */,
			);
			defaultConfigurationIsVisible = 0;
		};
		816D54A31E91CA8500166829 /* Build configuration list for PBXLegacyTarget "Serial" */ = {
			isa = XCConfigurationList;
			buildConfigurations = (
				816D54A41E91CA8500166829 /* Debug */,
				816D54A51E91CA8500166829 /* Release */,
			);
			defaultConfigurationIsVisible = 0;
		};
		816D54A61E91CA8500166829 /* Build configuration list for PBXLegacyTarget "Upload" */ = {
			isa = XCConfigurationList;
			buildConfigurations = (
				816D54A71E91CA8500166829 /* Debug */,
				816D54A81E91CA8500166829 /* Release */,
			);
			defaultConfigurationIsVisible = 0;
		};
		816D54A91E91CA8500166829 /* Build configuration list for PBXLegacyTarget "Clean" */ = {
			isa = XCConfigurationList;
			buildConfigurations = (
				816D54AA1E91CA8500166829 /* Debug */,
				816D54AB1E91CA8500166829 /* Release */,
			);
			defaultConfigurationIsVisible = 0;
		};
		816D54AC1E91CA8500166829 /* Build configuration list for PBXLegacyTarget "Make" */ = {
			isa = XCConfigurationList;
			buildConfigurations = (
				816D54AD1E91CA8500166829 /* Debug */,
				816D54AE1E91CA8500166829 /* Release */,
			);
			defaultConfigurationIsVisible = 0;
		};
		816D54AF1E91CA8500166829 /* Build configuration list for PBXLegacyTarget "Fast" */ = {
			isa = XCConfigurationList;
			buildConfigurations = (
				816D54B01E91CA8500166829 /* Debug */,
				816D54B11E91CA8500166829 /* Release */,
			);
			defaultConfigurationIsVisible = 0;
		};
		816D54B21E91CA8500166829 /* Build configuration list for PBXLegacyTarget "Debug" */ = {
			isa = XCConfigurationList;
			buildConfigurations = (
				816D54B31E91CA8500166829 /* Debug */,
				816D54B41E91CA8500166829 /* Release */,
			);
			defaultConfigurationIsVisible = 0;
		};
		816D54B51E91CA8500166829 /* Build configuration list for PBXNativeTarget "Index" */ = {
			isa = XCConfigurationList;
			buildConfigurations = (
				816D54B61E91CA8500166829 /* Debug */,
				816D54B71E91CA8500166829 /* Release */,
			);
			defaultConfigurationIsVisible = 0;
		};
/* End XCConfigurationList section */
	};
	rootObject = 816D54471E91CA8500166829 /* Project object */;
}
